
Microsoft Visual Studio Solution File, Format Version 12.00
# Visual Studio 15
VisualStudioVersion = 15.0.27428.2037
MinimumVisualStudioVersion = 10.0.40219.1
Project("{FAE04EC0-301F-11D3-BF4B-00C04F79EFBC}") = "BurakSeyhan_CopyFiles", "BurakSeyhan_CopyFiles\BurakSeyhan_CopyFiles.csproj", "{99B9B5AB-0AE0-4C82-897C-1B561DCD9927}"
EndProject
Project("{FAE04EC0-301F-11D3-BF4B-00C04F79EFBC}") = "BurakSeyhan_CopyFiles.BL", "BurakSeyhan_CopyFiles.BL\BurakSeyhan_CopyFiles.BL.csproj", "{41C57819-F71F-40A8-B282-DDEA79A2A545}"
EndProject
Global
	GlobalSection(SolutionConfigurationPlatforms) = preSolution
		Debug|Any CPU = Debug|Any CPU
		Release|Any CPU = Release|Any CPU
	EndGlobalSection
	GlobalSection(ProjectConfigurationPlatforms) = postSolution
		{99B9B5AB-0AE0-4C82-897C-1B561DCD9927}.Debug|Any CPU.ActiveCfg = Debug|Any CPU
		{99B9B5AB-0AE0-4C82-897C-1B561DCD9927}.Debug|Any CPU.Build.0 = Debug|Any CPU
		{99B9B5AB-0AE0-4C82-897C-1B561DCD9927}.Release|Any CPU.ActiveCfg = Release|Any CPU
		{99B9B5AB-0AE0-4C82-897C-1B561DCD9927}.Release|Any CPU.Build.0 = Release|Any CPU
		{41C57819-F71F-40A8-B282-DDEA79A2A545}.Debug|Any CPU.ActiveCfg = Debug|Any CPU
		{41C57819-F71F-40A8-B282-DDEA79A2A545}.Debug|Any CPU.Build.0 = Debug|Any CPU
		{41C57819-F71F-40A8-B282-DDEA79A2A545}.Release|Any CPU.ActiveCfg = Release|Any CPU
		{41C57819-F71F-40A8-B282-DDEA79A2A545}.Release|Any CPU.Build.0 = Release|Any CPU
	EndGlobalSection
	GlobalSection(SolutionProperties) = preSolution
		HideSolutionNode = FALSE
	EndGlobalSection
	GlobalSection(ExtensibilityGlobals) = postSolution
		SolutionGuid = {70E8A6E1-42D8-4AE1-AD2F-5F50673B91B2}
	EndGlobalSection
EndGlobal
